
Microsoft Visual Studio Solution File, Format Version 12.00
# Visual Studio Version 16
VisualStudioVersion = 16.0.29609.76
MinimumVisualStudioVersion = 10.0.40219.1
Project("{F184B08F-C81C-45F6-A57F-5ABD9991F28F}") = "FlexGridSamples2015", "FlexGridSamples2015.vbproj", "{9AF64A27-D887-4C89-B088-1220A82540D4}"
EndProject
Project("{F184B08F-C81C-45F6-A57F-5ABD9991F28F}") = "FlexGridSamplesLib2015", "FlexGridSamplesLib2015.vbproj", "{F3C27176-EFA1-4029-9220-B9064F3DA2B3}"
EndProject
Global
	GlobalSection(SolutionConfigurationPlatforms) = preSolution
		Debug|Any CPU = Debug|Any CPU
		Debug|ARM = Debug|ARM
		Debug|x64 = Debug|x64
		Debug|x86 = Debug|x86
		GCRelease|Any CPU = GCRelease|Any CPU
		GCRelease|ARM = GCRelease|ARM
		GCRelease|x64 = GCRelease|x64
		GCRelease|x86 = GCRelease|x86
		Release|Any CPU = Release|Any CPU
		Release|ARM = Release|ARM
		Release|x64 = Release|x64
		Release|x86 = Release|x86
	EndGlobalSection
	GlobalSection(ProjectConfigurationPlatforms) = postSolution
		{9AF64A27-D887-4C89-B088-1220A82540D4}.Debug|Any CPU.ActiveCfg = Debug|x86
		{9AF64A27-D887-4C89-B088-1220A82540D4}.Debug|Any CPU.Build.0 = Debug|x86
		{9AF64A27-D887-4C89-B088-1220A82540D4}.Debug|Any CPU.Deploy.0 = Debug|x86
		{9AF64A27-D887-4C89-B088-1220A82540D4}.Debug|ARM.ActiveCfg = Debug|ARM
		{9AF64A27-D887-4C89-B088-1220A82540D4}.Debug|ARM.Build.0 = Debug|ARM
		{9AF64A27-D887-4C89-B088-1220A82540D4}.Debug|ARM.Deploy.0 = Debug|ARM
		{9AF64A27-D887-4C89-B088-1220A82540D4}.Debug|x64.ActiveCfg = Debug|x64
		{9AF64A27-D887-4C89-B088-1220A82540D4}.Debug|x64.Build.0 = Debug|x64
		{9AF64A27-D887-4C89-B088-1220A82540D4}.Debug|x64.Deploy.0 = Debug|x64
		{9AF64A27-D887-4C89-B088-1220A82540D4}.Debug|x86.ActiveCfg = Debug|x86
		{9AF64A27-D887-4C89-B088-1220A82540D4}.Debug|x86.Build.0 = Debug|x86
		{9AF64A27-D887-4C89-B088-1220A82540D4}.Debug|x86.Deploy.0 = Debug|x86
		{9AF64A27-D887-4C89-B088-1220A82540D4}.GCRelease|Any CPU.ActiveCfg = Release|x86
		{9AF64A27-D887-4C89-B088-1220A82540D4}.GCRelease|Any CPU.Build.0 = Release|x86
		{9AF64A27-D887-4C89-B088-1220A82540D4}.GCRelease|Any CPU.Deploy.0 = Release|x86
		{9AF64A27-D887-4C89-B088-1220A82540D4}.GCRelease|ARM.ActiveCfg = Release|ARM
		{9AF64A27-D887-4C89-B088-1220A82540D4}.GCRelease|ARM.Build.0 = Release|ARM
		{9AF64A27-D887-4C89-B088-1220A82540D4}.GCRelease|ARM.Deploy.0 = Release|ARM
		{9AF64A27-D887-4C89-B088-1220A82540D4}.GCRelease|x64.ActiveCfg = Release|x64
		{9AF64A27-D887-4C89-B088-1220A82540D4}.GCRelease|x64.Build.0 = Release|x64
		{9AF64A27-D887-4C89-B088-1220A82540D4}.GCRelease|x64.Deploy.0 = Release|x64
		{9AF64A27-D887-4C89-B088-1220A82540D4}.GCRelease|x86.ActiveCfg = Release|x86
		{9AF64A27-D887-4C89-B088-1220A82540D4}.GCRelease|x86.Build.0 = Release|x86
		{9AF64A27-D887-4C89-B088-1220A82540D4}.GCRelease|x86.Deploy.0 = Release|x86
		{9AF64A27-D887-4C89-B088-1220A82540D4}.Release|Any CPU.ActiveCfg = Release|x86
		{9AF64A27-D887-4C89-B088-1220A82540D4}.Release|Any CPU.Build.0 = Release|x86
		{9AF64A27-D887-4C89-B088-1220A82540D4}.Release|Any CPU.Deploy.0 = Release|x86
		{9AF64A27-D887-4C89-B088-1220A82540D4}.Release|ARM.ActiveCfg = Release|ARM
		{9AF64A27-D887-4C89-B088-1220A82540D4}.Release|ARM.Build.0 = Release|ARM
		{9AF64A27-D887-4C89-B088-1220A82540D4}.Release|ARM.Deploy.0 = Release|ARM
		{9AF64A27-D887-4C89-B088-1220A82540D4}.Release|x64.ActiveCfg = Release|x64
		{9AF64A27-D887-4C89-B088-1220A82540D4}.Release|x64.Build.0 = Release|x64
		{9AF64A27-D887-4C89-B088-1220A82540D4}.Release|x64.Deploy.0 = Release|x64
		{9AF64A27-D887-4C89-B088-1220A82540D4}.Release|x86.ActiveCfg = Release|x86
		{9AF64A27-D887-4C89-B088-1220A82540D4}.Release|x86.Build.0 = Release|x86
		{9AF64A27-D887-4C89-B088-1220A82540D4}.Release|x86.Deploy.0 = Release|x86
		{F3C27176-EFA1-4029-9220-B9064F3DA2B3}.Debug|Any CPU.ActiveCfg = Debug|Any CPU
		{F3C27176-EFA1-4029-9220-B9064F3DA2B3}.Debug|Any CPU.Build.0 = Debug|Any CPU
		{F3C27176-EFA1-4029-9220-B9064F3DA2B3}.Debug|ARM.ActiveCfg = Debug|Any CPU
		{F3C27176-EFA1-4029-9220-B9064F3DA2B3}.Debug|ARM.Build.0 = Debug|Any CPU
		{F3C27176-EFA1-4029-9220-B9064F3DA2B3}.Debug|x64.ActiveCfg = Debug|Any CPU
		{F3C27176-EFA1-4029-9220-B9064F3DA2B3}.Debug|x64.Build.0 = Debug|Any CPU
		{F3C27176-EFA1-4029-9220-B9064F3DA2B3}.Debug|x86.ActiveCfg = Debug|Any CPU
		{F3C27176-EFA1-4029-9220-B9064F3DA2B3}.Debug|x86.Build.0 = Debug|Any CPU
		{F3C27176-EFA1-4029-9220-B9064F3DA2B3}.GCRelease|Any CPU.ActiveCfg = Release|Any CPU
		{F3C27176-EFA1-4029-9220-B9064F3DA2B3}.GCRelease|Any CPU.Build.0 = Release|Any CPU
		{F3C27176-EFA1-4029-9220-B9064F3DA2B3}.GCRelease|ARM.ActiveCfg = Release|Any CPU
		{F3C27176-EFA1-4029-9220-B9064F3DA2B3}.GCRelease|ARM.Build.0 = Release|Any CPU
		{F3C27176-EFA1-4029-9220-B9064F3DA2B3}.GCRelease|x64.ActiveCfg = Release|Any CPU
		{F3C27176-EFA1-4029-9220-B9064F3DA2B3}.GCRelease|x64.Build.0 = Release|Any CPU
		{F3C27176-EFA1-4029-9220-B9064F3DA2B3}.GCRelease|x86.ActiveCfg = Release|Any CPU
		{F3C27176-EFA1-4029-9220-B9064F3DA2B3}.GCRelease|x86.Build.0 = Release|Any CPU
		{F3C27176-EFA1-4029-9220-B9064F3DA2B3}.Release|Any CPU.ActiveCfg = Release|Any CPU
		{F3C27176-EFA1-4029-9220-B9064F3DA2B3}.Release|Any CPU.Build.0 = Release|Any CPU
		{F3C27176-EFA1-4029-9220-B9064F3DA2B3}.Release|ARM.ActiveCfg = Release|Any CPU
		{F3C27176-EFA1-4029-9220-B9064F3DA2B3}.Release|ARM.Build.0 = Release|Any CPU
		{F3C27176-EFA1-4029-9220-B9064F3DA2B3}.Release|x64.ActiveCfg = Release|Any CPU
		{F3C27176-EFA1-4029-9220-B9064F3DA2B3}.Release|x64.Build.0 = Release|Any CPU
		{F3C27176-EFA1-4029-9220-B9064F3DA2B3}.Release|x86.ActiveCfg = Release|Any CPU
		{F3C27176-EFA1-4029-9220-B9064F3DA2B3}.Release|x86.Build.0 = Release|Any CPU
	EndGlobalSection
	GlobalSection(SolutionProperties) = preSolution
		HideSolutionNode = FALSE
	EndGlobalSection
	GlobalSection(ExtensibilityGlobals) = postSolution
		SolutionGuid = {E00F1AE2-9909-4868-80AE-FADE14552C2C}
	EndGlobalSection
EndGlobal
