
Microsoft Visual Studio Solution File, Format Version 12.00
# Visual Studio Version 16
VisualStudioVersion = 16.0.29609.76
MinimumVisualStudioVersion = 10.0.40219.1
Project("{F184B08F-C81C-45F6-A57F-5ABD9991F28F}") = "DrillDownLib2015", "DrillDownLib2015.vbproj", "{51C29E31-576B-46B8-ACBB-1334111C776D}"
EndProject
Project("{F184B08F-C81C-45F6-A57F-5ABD9991F28F}") = "DrillDown2015", "DrillDown2015.vbproj", "{6C05C7AC-5FB5-4561-AC57-5683BFD49B07}"
EndProject
Global
	GlobalSection(SolutionConfigurationPlatforms) = preSolution
		Debug|Any CPU = Debug|Any CPU
		Debug|ARM = Debug|ARM
		Debug|x64 = Debug|x64
		Debug|x86 = Debug|x86
		GCRelease|Any CPU = GCRelease|Any CPU
		GCRelease|ARM = GCRelease|ARM
		GCRelease|x64 = GCRelease|x64
		GCRelease|x86 = GCRelease|x86
		Release|Any CPU = Release|Any CPU
		Release|ARM = Release|ARM
		Release|x64 = Release|x64
		Release|x86 = Release|x86
	EndGlobalSection
	GlobalSection(ProjectConfigurationPlatforms) = postSolution
		{51C29E31-576B-46B8-ACBB-1334111C776D}.Debug|Any CPU.ActiveCfg = Debug|Any CPU
		{51C29E31-576B-46B8-ACBB-1334111C776D}.Debug|Any CPU.Build.0 = Debug|Any CPU
		{51C29E31-576B-46B8-ACBB-1334111C776D}.Debug|ARM.ActiveCfg = Debug|Any CPU
		{51C29E31-576B-46B8-ACBB-1334111C776D}.Debug|ARM.Build.0 = Debug|Any CPU
		{51C29E31-576B-46B8-ACBB-1334111C776D}.Debug|x64.ActiveCfg = Debug|Any CPU
		{51C29E31-576B-46B8-ACBB-1334111C776D}.Debug|x64.Build.0 = Debug|Any CPU
		{51C29E31-576B-46B8-ACBB-1334111C776D}.Debug|x86.ActiveCfg = Debug|Any CPU
		{51C29E31-576B-46B8-ACBB-1334111C776D}.Debug|x86.Build.0 = Debug|Any CPU
		{51C29E31-576B-46B8-ACBB-1334111C776D}.GCRelease|Any CPU.ActiveCfg = Release|Any CPU
		{51C29E31-576B-46B8-ACBB-1334111C776D}.GCRelease|Any CPU.Build.0 = Release|Any CPU
		{51C29E31-576B-46B8-ACBB-1334111C776D}.GCRelease|ARM.ActiveCfg = Release|Any CPU
		{51C29E31-576B-46B8-ACBB-1334111C776D}.GCRelease|ARM.Build.0 = Release|Any CPU
		{51C29E31-576B-46B8-ACBB-1334111C776D}.GCRelease|x64.ActiveCfg = Release|Any CPU
		{51C29E31-576B-46B8-ACBB-1334111C776D}.GCRelease|x64.Build.0 = Release|Any CPU
		{51C29E31-576B-46B8-ACBB-1334111C776D}.GCRelease|x86.ActiveCfg = Release|Any CPU
		{51C29E31-576B-46B8-ACBB-1334111C776D}.GCRelease|x86.Build.0 = Release|Any CPU
		{51C29E31-576B-46B8-ACBB-1334111C776D}.Release|Any CPU.ActiveCfg = Release|Any CPU
		{51C29E31-576B-46B8-ACBB-1334111C776D}.Release|Any CPU.Build.0 = Release|Any CPU
		{51C29E31-576B-46B8-ACBB-1334111C776D}.Release|ARM.ActiveCfg = Release|Any CPU
		{51C29E31-576B-46B8-ACBB-1334111C776D}.Release|ARM.Build.0 = Release|Any CPU
		{51C29E31-576B-46B8-ACBB-1334111C776D}.Release|x64.ActiveCfg = Release|Any CPU
		{51C29E31-576B-46B8-ACBB-1334111C776D}.Release|x64.Build.0 = Release|Any CPU
		{51C29E31-576B-46B8-ACBB-1334111C776D}.Release|x86.ActiveCfg = Release|Any CPU
		{51C29E31-576B-46B8-ACBB-1334111C776D}.Release|x86.Build.0 = Release|Any CPU
		{6C05C7AC-5FB5-4561-AC57-5683BFD49B07}.Debug|Any CPU.ActiveCfg = Debug|x86
		{6C05C7AC-5FB5-4561-AC57-5683BFD49B07}.Debug|Any CPU.Build.0 = Debug|x86
		{6C05C7AC-5FB5-4561-AC57-5683BFD49B07}.Debug|Any CPU.Deploy.0 = Debug|x86
		{6C05C7AC-5FB5-4561-AC57-5683BFD49B07}.Debug|ARM.ActiveCfg = Debug|ARM
		{6C05C7AC-5FB5-4561-AC57-5683BFD49B07}.Debug|ARM.Build.0 = Debug|ARM
		{6C05C7AC-5FB5-4561-AC57-5683BFD49B07}.Debug|ARM.Deploy.0 = Debug|ARM
		{6C05C7AC-5FB5-4561-AC57-5683BFD49B07}.Debug|x64.ActiveCfg = Debug|x64
		{6C05C7AC-5FB5-4561-AC57-5683BFD49B07}.Debug|x64.Build.0 = Debug|x64
		{6C05C7AC-5FB5-4561-AC57-5683BFD49B07}.Debug|x64.Deploy.0 = Debug|x64
		{6C05C7AC-5FB5-4561-AC57-5683BFD49B07}.Debug|x86.ActiveCfg = Debug|x86
		{6C05C7AC-5FB5-4561-AC57-5683BFD49B07}.Debug|x86.Build.0 = Debug|x86
		{6C05C7AC-5FB5-4561-AC57-5683BFD49B07}.Debug|x86.Deploy.0 = Debug|x86
		{6C05C7AC-5FB5-4561-AC57-5683BFD49B07}.GCRelease|Any CPU.ActiveCfg = Release|x64
		{6C05C7AC-5FB5-4561-AC57-5683BFD49B07}.GCRelease|Any CPU.Build.0 = Release|x64
		{6C05C7AC-5FB5-4561-AC57-5683BFD49B07}.GCRelease|Any CPU.Deploy.0 = Release|x64
		{6C05C7AC-5FB5-4561-AC57-5683BFD49B07}.GCRelease|ARM.ActiveCfg = Release|ARM
		{6C05C7AC-5FB5-4561-AC57-5683BFD49B07}.GCRelease|ARM.Build.0 = Release|ARM
		{6C05C7AC-5FB5-4561-AC57-5683BFD49B07}.GCRelease|ARM.Deploy.0 = Release|ARM
		{6C05C7AC-5FB5-4561-AC57-5683BFD49B07}.GCRelease|x64.ActiveCfg = Release|x64
		{6C05C7AC-5FB5-4561-AC57-5683BFD49B07}.GCRelease|x64.Build.0 = Release|x64
		{6C05C7AC-5FB5-4561-AC57-5683BFD49B07}.GCRelease|x64.Deploy.0 = Release|x64
		{6C05C7AC-5FB5-4561-AC57-5683BFD49B07}.GCRelease|x86.ActiveCfg = Release|x86
		{6C05C7AC-5FB5-4561-AC57-5683BFD49B07}.GCRelease|x86.Build.0 = Release|x86
		{6C05C7AC-5FB5-4561-AC57-5683BFD49B07}.GCRelease|x86.Deploy.0 = Release|x86
		{6C05C7AC-5FB5-4561-AC57-5683BFD49B07}.Release|Any CPU.ActiveCfg = Release|x86
		{6C05C7AC-5FB5-4561-AC57-5683BFD49B07}.Release|ARM.ActiveCfg = Release|ARM
		{6C05C7AC-5FB5-4561-AC57-5683BFD49B07}.Release|ARM.Build.0 = Release|ARM
		{6C05C7AC-5FB5-4561-AC57-5683BFD49B07}.Release|ARM.Deploy.0 = Release|ARM
		{6C05C7AC-5FB5-4561-AC57-5683BFD49B07}.Release|x64.ActiveCfg = Release|x64
		{6C05C7AC-5FB5-4561-AC57-5683BFD49B07}.Release|x64.Build.0 = Release|x64
		{6C05C7AC-5FB5-4561-AC57-5683BFD49B07}.Release|x64.Deploy.0 = Release|x64
		{6C05C7AC-5FB5-4561-AC57-5683BFD49B07}.Release|x86.ActiveCfg = Release|x86
		{6C05C7AC-5FB5-4561-AC57-5683BFD49B07}.Release|x86.Build.0 = Release|x86
		{6C05C7AC-5FB5-4561-AC57-5683BFD49B07}.Release|x86.Deploy.0 = Release|x86
	EndGlobalSection
	GlobalSection(SolutionProperties) = preSolution
		HideSolutionNode = FALSE
	EndGlobalSection
	GlobalSection(ExtensibilityGlobals) = postSolution
		SolutionGuid = {D205571A-98D2-4FCB-AE54-C4EB47B60F23}
	EndGlobalSection
EndGlobal
