
Microsoft Visual Studio Solution File, Format Version 12.00
# Visual Studio 14
VisualStudioVersion = 14.0.24720.0
MinimumVisualStudioVersion = 10.0.40219.1
Project("{F184B08F-C81C-45F6-A57F-5ABD9991F28F}") = "FinancialChartExplorer2015", "FinancialChartExplorer2015.vbproj", "{4324B6B1-BD65-4BD4-9B0A-F11B4DD8B3F6}"
EndProject
Project("{F184B08F-C81C-45F6-A57F-5ABD9991F28F}") = "FinancialChartExplorerLib2015", "FinancialChartExplorerLib2015.vbproj", "{C079E0DA-614E-4CD6-A514-42B8967DB317}"
EndProject
Global
	GlobalSection(SolutionConfigurationPlatforms) = preSolution
		Debug|ARM = Debug|ARM
		Debug|x64 = Debug|x64
		Debug|x86 = Debug|x86
		Release|ARM = Release|ARM
		Release|x64 = Release|x64
		Release|x86 = Release|x86
	EndGlobalSection
	GlobalSection(ProjectConfigurationPlatforms) = postSolution
		{4324B6B1-BD65-4BD4-9B0A-F11B4DD8B3F6}.Debug|ARM.ActiveCfg = Debug|ARM
		{4324B6B1-BD65-4BD4-9B0A-F11B4DD8B3F6}.Debug|ARM.Build.0 = Debug|ARM
		{4324B6B1-BD65-4BD4-9B0A-F11B4DD8B3F6}.Debug|ARM.Deploy.0 = Debug|ARM
		{4324B6B1-BD65-4BD4-9B0A-F11B4DD8B3F6}.Debug|x64.ActiveCfg = Debug|x64
		{4324B6B1-BD65-4BD4-9B0A-F11B4DD8B3F6}.Debug|x64.Build.0 = Debug|x64
		{4324B6B1-BD65-4BD4-9B0A-F11B4DD8B3F6}.Debug|x64.Deploy.0 = Debug|x64
		{4324B6B1-BD65-4BD4-9B0A-F11B4DD8B3F6}.Debug|x86.ActiveCfg = Debug|x86
		{4324B6B1-BD65-4BD4-9B0A-F11B4DD8B3F6}.Debug|x86.Build.0 = Debug|x86
		{4324B6B1-BD65-4BD4-9B0A-F11B4DD8B3F6}.Debug|x86.Deploy.0 = Debug|x86
		{4324B6B1-BD65-4BD4-9B0A-F11B4DD8B3F6}.Release|ARM.ActiveCfg = Release|ARM
		{4324B6B1-BD65-4BD4-9B0A-F11B4DD8B3F6}.Release|ARM.Build.0 = Release|ARM
		{4324B6B1-BD65-4BD4-9B0A-F11B4DD8B3F6}.Release|ARM.Deploy.0 = Release|ARM
		{4324B6B1-BD65-4BD4-9B0A-F11B4DD8B3F6}.Release|x64.ActiveCfg = Release|x64
		{4324B6B1-BD65-4BD4-9B0A-F11B4DD8B3F6}.Release|x64.Build.0 = Release|x64
		{4324B6B1-BD65-4BD4-9B0A-F11B4DD8B3F6}.Release|x64.Deploy.0 = Release|x64
		{4324B6B1-BD65-4BD4-9B0A-F11B4DD8B3F6}.Release|x86.ActiveCfg = Release|x86
		{4324B6B1-BD65-4BD4-9B0A-F11B4DD8B3F6}.Release|x86.Build.0 = Release|x86
		{4324B6B1-BD65-4BD4-9B0A-F11B4DD8B3F6}.Release|x86.Deploy.0 = Release|x86
		{C079E0DA-614E-4CD6-A514-42B8967DB317}.Debug|ARM.ActiveCfg = Debug|Any CPU
		{C079E0DA-614E-4CD6-A514-42B8967DB317}.Debug|ARM.Build.0 = Debug|Any CPU
		{C079E0DA-614E-4CD6-A514-42B8967DB317}.Debug|x64.ActiveCfg = Debug|Any CPU
		{C079E0DA-614E-4CD6-A514-42B8967DB317}.Debug|x64.Build.0 = Debug|Any CPU
		{C079E0DA-614E-4CD6-A514-42B8967DB317}.Debug|x86.ActiveCfg = Debug|Any CPU
		{C079E0DA-614E-4CD6-A514-42B8967DB317}.Debug|x86.Build.0 = Debug|Any CPU
		{C079E0DA-614E-4CD6-A514-42B8967DB317}.Release|ARM.ActiveCfg = Release|Any CPU
		{C079E0DA-614E-4CD6-A514-42B8967DB317}.Release|ARM.Build.0 = Release|Any CPU
		{C079E0DA-614E-4CD6-A514-42B8967DB317}.Release|x64.ActiveCfg = Release|Any CPU
		{C079E0DA-614E-4CD6-A514-42B8967DB317}.Release|x64.Build.0 = Release|Any CPU
		{C079E0DA-614E-4CD6-A514-42B8967DB317}.Release|x86.ActiveCfg = Release|Any CPU
		{C079E0DA-614E-4CD6-A514-42B8967DB317}.Release|x86.Build.0 = Release|Any CPU
	EndGlobalSection
	GlobalSection(SolutionProperties) = preSolution
		HideSolutionNode = FALSE
	EndGlobalSection
EndGlobal
