
Microsoft Visual Studio Solution File, Format Version 12.00
# Visual Studio 15
VisualStudioVersion = 15.0.28307.960
MinimumVisualStudioVersion = 10.0.40219.1
Project("{F184B08F-C81C-45F6-A57F-5ABD9991F28F}") = "PdfView", "PdfView.vbproj", "{FA088AA2-DE61-47DB-B840-64DB620DEEA6}"
EndProject
Global
	GlobalSection(SharedMSBuildProjectFiles) = preSolution
	EndGlobalSection
	GlobalSection(SolutionConfigurationPlatforms) = preSolution
		Debug|Any CPU = Debug|Any CPU
		Debug|ARM = Debug|ARM
		Debug|x64 = Debug|x64
		Debug|x86 = Debug|x86
		GCRelease|Any CPU = GCRelease|Any CPU
		GCRelease|ARM = GCRelease|ARM
		GCRelease|x64 = GCRelease|x64
		GCRelease|x86 = GCRelease|x86
		Release|Any CPU = Release|Any CPU
		Release|ARM = Release|ARM
		Release|x64 = Release|x64
		Release|x86 = Release|x86
	EndGlobalSection
	GlobalSection(ProjectConfigurationPlatforms) = postSolution
		{FA088AA2-DE61-47DB-B840-64DB620DEEA6}.Debug|Any CPU.ActiveCfg = Debug|x86
		{FA088AA2-DE61-47DB-B840-64DB620DEEA6}.Debug|Any CPU.Build.0 = Debug|x86
		{FA088AA2-DE61-47DB-B840-64DB620DEEA6}.Debug|Any CPU.Deploy.0 = Debug|x86
		{FA088AA2-DE61-47DB-B840-64DB620DEEA6}.Debug|ARM.ActiveCfg = Debug|ARM
		{FA088AA2-DE61-47DB-B840-64DB620DEEA6}.Debug|ARM.Build.0 = Debug|ARM
		{FA088AA2-DE61-47DB-B840-64DB620DEEA6}.Debug|ARM.Deploy.0 = Debug|ARM
		{FA088AA2-DE61-47DB-B840-64DB620DEEA6}.Debug|x64.ActiveCfg = Debug|x64
		{FA088AA2-DE61-47DB-B840-64DB620DEEA6}.Debug|x64.Build.0 = Debug|x64
		{FA088AA2-DE61-47DB-B840-64DB620DEEA6}.Debug|x64.Deploy.0 = Debug|x64
		{FA088AA2-DE61-47DB-B840-64DB620DEEA6}.Debug|x86.ActiveCfg = Debug|x86
		{FA088AA2-DE61-47DB-B840-64DB620DEEA6}.Debug|x86.Build.0 = Debug|x86
		{FA088AA2-DE61-47DB-B840-64DB620DEEA6}.Debug|x86.Deploy.0 = Debug|x86
		{FA088AA2-DE61-47DB-B840-64DB620DEEA6}.GCRelease|Any CPU.ActiveCfg = Release|x64
		{FA088AA2-DE61-47DB-B840-64DB620DEEA6}.GCRelease|Any CPU.Build.0 = Release|x64
		{FA088AA2-DE61-47DB-B840-64DB620DEEA6}.GCRelease|Any CPU.Deploy.0 = Release|x64
		{FA088AA2-DE61-47DB-B840-64DB620DEEA6}.GCRelease|ARM.ActiveCfg = Release|ARM
		{FA088AA2-DE61-47DB-B840-64DB620DEEA6}.GCRelease|ARM.Build.0 = Release|ARM
		{FA088AA2-DE61-47DB-B840-64DB620DEEA6}.GCRelease|ARM.Deploy.0 = Release|ARM
		{FA088AA2-DE61-47DB-B840-64DB620DEEA6}.GCRelease|x64.ActiveCfg = Release|x64
		{FA088AA2-DE61-47DB-B840-64DB620DEEA6}.GCRelease|x64.Build.0 = Release|x64
		{FA088AA2-DE61-47DB-B840-64DB620DEEA6}.GCRelease|x64.Deploy.0 = Release|x64
		{FA088AA2-DE61-47DB-B840-64DB620DEEA6}.GCRelease|x86.ActiveCfg = Release|x86
		{FA088AA2-DE61-47DB-B840-64DB620DEEA6}.GCRelease|x86.Build.0 = Release|x86
		{FA088AA2-DE61-47DB-B840-64DB620DEEA6}.GCRelease|x86.Deploy.0 = Release|x86
		{FA088AA2-DE61-47DB-B840-64DB620DEEA6}.Release|Any CPU.ActiveCfg = Release|x86
		{FA088AA2-DE61-47DB-B840-64DB620DEEA6}.Release|ARM.ActiveCfg = Release|ARM
		{FA088AA2-DE61-47DB-B840-64DB620DEEA6}.Release|ARM.Build.0 = Release|ARM
		{FA088AA2-DE61-47DB-B840-64DB620DEEA6}.Release|ARM.Deploy.0 = Release|ARM
		{FA088AA2-DE61-47DB-B840-64DB620DEEA6}.Release|x64.ActiveCfg = Release|x64
		{FA088AA2-DE61-47DB-B840-64DB620DEEA6}.Release|x64.Build.0 = Release|x64
		{FA088AA2-DE61-47DB-B840-64DB620DEEA6}.Release|x64.Deploy.0 = Release|x64
		{FA088AA2-DE61-47DB-B840-64DB620DEEA6}.Release|x86.ActiveCfg = Release|x86
		{FA088AA2-DE61-47DB-B840-64DB620DEEA6}.Release|x86.Build.0 = Release|x86
		{FA088AA2-DE61-47DB-B840-64DB620DEEA6}.Release|x86.Deploy.0 = Release|x86
	EndGlobalSection
	GlobalSection(SolutionProperties) = preSolution
		HideSolutionNode = FALSE
	EndGlobalSection
	GlobalSection(ExtensibilityGlobals) = postSolution
		SolutionGuid = {9E656DEA-0CF8-4A5A-9F64-496B0C27024C}
	EndGlobalSection
EndGlobal
